{
  "name": "spellnames-example",
  "lockfileVersion": 3,
  "requires": true,
  "packages": {
    "": {
      "name": "spellnames-example",
      "dependencies": {
        "spellnames": "^1.0.1"
      }
    },
    "node_modules/spellnames": {
      "version": "1.0.1",
      "resolved": "https://registry.npmjs.org/spellnames/-/spellnames-1.0.1.tgz",
      "integrity": "sha512-UDm6wBAet5t/0FQGT0kEYfhYHxhO/nzc763EMbWw2F4KWWZ0CsdlAumnZ+ItbjrhozoO7xNaIxJcpWkEMyywdw=="
    }
  }
}
