{
  "name": "spellnames-example",
  "lockfileVersion": 3,
  "requires": true,
  "packages": {
    "": {
      "name": "spellnames-example",
      "dependencies": {
        "spellnames": "^1.0.3"
      }
    },
    "node_modules/@types/node": {
      "version": "22.13.10",
      "resolved": "https://registry.npmjs.org/@types/node/-/node-22.13.10.tgz",
      "integrity": "sha512-I6LPUvlRH+O6VRUqYOcMudhaIdUVWfsjnZavnsraHvpBwaEyMN29ry+0UVJhImYL16xsscu0aske3yA+uPOWfw==",
      "license": "MIT",
      "dependencies": {
        "undici-types": "~6.20.0"
      }
    },
    "node_modules/spellnames": {
      "version": "1.0.3",
      "resolved": "https://registry.npmjs.org/spellnames/-/spellnames-1.0.3.tgz",
      "integrity": "sha512-EheIE4LVzzu9yifpFILzekMj1Vwb5oZ+vm0xBHxZxTnP9NA5DabbguUleCmrnx0l2M3XpwtIfeB6ZaEwpDv+ZQ==",
      "license": "MIT",
      "dependencies": {
        "@types/node": "^22.13.10"
      }
    },
    "node_modules/undici-types": {
      "version": "6.20.0",
      "resolved": "https://registry.npmjs.org/undici-types/-/undici-types-6.20.0.tgz",
      "integrity": "sha512-Ny6QZ2Nju20vw1SRHe3d9jVu6gJ+4e3+MMpqu7pqE5HT6WsTSlce++GQmK5UXS8mzV8DSYHrQH+Xrf2jVcuKNg==",
      "license": "MIT"
    }
  }
}
